
Microsoft Visual Studio Solution File, Format Version 12.00
# Visual Studio Version 16
VisualStudioVersion = 16.0.30011.22
MinimumVisualStudioVersion = 10.0.40219.1
Project("{8BC9CEB8-8B4A-11D0-8D11-00A0C91BC942}") = "CPPLesson3", "CPPLesson3.vcxproj", "{C0AD7794-2FB5-46CD-83A9-99D448F31A05}"
EndProject
Global
	GlobalSection(SolutionConfigurationPlatforms) = preSolution
		Debug|x64 = Debug|x64
		Debug|x86 = Debug|x86
		Release|x64 = Release|x64
		Release|x86 = Release|x86
	EndGlobalSection
	GlobalSection(ProjectConfigurationPlatforms) = postSolution
		{C0AD7794-2FB5-46CD-83A9-99D448F31A05}.Debug|x64.ActiveCfg = Debug|x64
		{C0AD7794-2FB5-46CD-83A9-99D448F31A05}.Debug|x64.Build.0 = Debug|x64
		{C0AD7794-2FB5-46CD-83A9-99D448F31A05}.Debug|x86.ActiveCfg = Debug|Win32
		{C0AD7794-2FB5-46CD-83A9-99D448F31A05}.Debug|x86.Build.0 = Debug|Win32
		{C0AD7794-2FB5-46CD-83A9-99D448F31A05}.Release|x64.ActiveCfg = Release|x64
		{C0AD7794-2FB5-46CD-83A9-99D448F31A05}.Release|x64.Build.0 = Release|x64
		{C0AD7794-2FB5-46CD-83A9-99D448F31A05}.Release|x86.ActiveCfg = Release|Win32
		{C0AD7794-2FB5-46CD-83A9-99D448F31A05}.Release|x86.Build.0 = Release|Win32
	EndGlobalSection
	GlobalSection(SolutionProperties) = preSolution
		HideSolutionNode = FALSE
	EndGlobalSection
	GlobalSection(ExtensibilityGlobals) = postSolution
		SolutionGuid = {DA615B26-4A60-448A-89F9-F50544AF53A7}
	EndGlobalSection
EndGlobal
